
Microsoft Visual Studio Solution File, Format Version 12.00
# Visual Studio Version 16
VisualStudioVersion = 16.0.31410.357
MinimumVisualStudioVersion = 10.0.40219.1
Project("{9A19103F-16F7-4668-BE54-9A1E7A4F7556}") = "LuuCongQuangVu_Nhom13", "LuuCongQuangVu_Nhom13\LuuCongQuangVu_Nhom13.csproj", "{ACD3D0E1-4614-4F10-87B3-A7F65FDFD50A}"
EndProject
Global
	GlobalSection(SolutionConfigurationPlatforms) = preSolution
		Debug|Any CPU = Debug|Any CPU
		Release|Any CPU = Release|Any CPU
	EndGlobalSection
	GlobalSection(ProjectConfigurationPlatforms) = postSolution
		{ACD3D0E1-4614-4F10-87B3-A7F65FDFD50A}.Debug|Any CPU.ActiveCfg = Debug|Any CPU
		{ACD3D0E1-4614-4F10-87B3-A7F65FDFD50A}.Debug|Any CPU.Build.0 = Debug|Any CPU
		{ACD3D0E1-4614-4F10-87B3-A7F65FDFD50A}.Release|Any CPU.ActiveCfg = Release|Any CPU
		{ACD3D0E1-4614-4F10-87B3-A7F65FDFD50A}.Release|Any CPU.Build.0 = Release|Any CPU
	EndGlobalSection
	GlobalSection(SolutionProperties) = preSolution
		HideSolutionNode = FALSE
	EndGlobalSection
	GlobalSection(ExtensibilityGlobals) = postSolution
		SolutionGuid = {9371F24C-C322-4FBA-87FB-538C86EBE128}
	EndGlobalSection
EndGlobal
